// !$*UTF8*$!
{
	archiveVersion = 1;
	classes = {
	};
	objectVersion = 46;
	objects = {

/* Begin PBXBuildFile section */
		52DAD1811A961A1900E70D99 /* AppDelegate.swift in Sources */ = {isa = PBXBuildFile; fileRef = 52DAD1801A961A1900E70D99 /* AppDelegate.swift */; };
		52DAD1831A961A1900E70D99 /* RootViewController.swift in Sources */ = {isa = PBXBuildFile; fileRef = 52DAD1821A961A1900E70D99 /* RootViewController.swift */; };
		52DAD1851A961A1900E70D99 /* DataViewController.swift in Sources */ = {isa = PBXBuildFile; fileRef = 52DAD1841A961A1900E70D99 /* DataViewController.swift */; };
		52DAD1871A961A1900E70D99 /* ModelController.swift in Sources */ = {isa = PBXBuildFile; fileRef = 52DAD1861A961A1900E70D99 /* ModelController.swift */; };
		52DAD18A1A961A1900E70D99 /* Main.storyboard in Resources */ = {isa = PBXBuildFile; fileRef = 52DAD1881A961A1900E70D99 /* Main.storyboard */; };
		52DAD18C1A961A1900E70D99 /* Images.xcassets in Resources */ = {isa = PBXBuildFile; fileRef = 52DAD18B1A961A1900E70D99 /* Images.xcassets */; };
		52DAD18F1A961A1900E70D99 /* LaunchScreen.xib in Resources */ = {isa = PBXBuildFile; fileRef = 52DAD18D1A961A1900E70D99 /* LaunchScreen.xib */; };
		52DAD19B1A961A1900E70D99 /* LookingGoodTests.swift in Sources */ = {isa = PBXBuildFile; fileRef = 52DAD19A1A961A1900E70D99 /* LookingGoodTests.swift */; };
/* End PBXBuildFile section */

/* Begin PBXContainerItemProxy section */
		52DAD1951A961A1900E70D99 /* PBXContainerItemProxy */ = {
			isa = PBXContainerItemProxy;
			containerPortal = 52DAD1731A961A1900E70D99 /* Project object */;
			proxyType = 1;
			remoteGlobalIDString = 52DAD17A1A961A1900E70D99;
			remoteInfo = LookingGood;
		};
/* End PBXContainerItemProxy section */

/* Begin PBXFileReference section */
		52DAD17B1A961A1900E70D99 /* LookingGood.app */ = {isa = PBXFileReference; explicitFileType = wrapper.application; includeInIndex = 0; path = LookingGood.app; sourceTree = BUILT_PRODUCTS_DIR; };
		52DAD17F1A961A1900E70D99 /* Info.plist */ = {isa = PBXFileReference; lastKnownFileType = text.plist.xml; path = Info.plist; sourceTree = "<group>"; };
		52DAD1801A961A1900E70D99 /* AppDelegate.swift */ = {isa = PBXFileReference; lastKnownFileType = sourcecode.swift; path = AppDelegate.swift; sourceTree = "<group>"; };
		52DAD1821A961A1900E70D99 /* RootViewController.swift */ = {isa = PBXFileReference; lastKnownFileType = sourcecode.swift; path = RootViewController.swift; sourceTree = "<group>"; };
		52DAD1841A961A1900E70D99 /* DataViewController.swift */ = {isa = PBXFileReference; lastKnownFileType = sourcecode.swift; path = DataViewController.swift; sourceTree = "<group>"; };
		52DAD1861A961A1900E70D99 /* ModelController.swift */ = {isa = PBXFileReference; lastKnownFileType = sourcecode.swift; path = ModelController.swift; sourceTree = "<group>"; };
		52DAD1891A961A1900E70D99 /* Base */ = {isa = PBXFileReference; lastKnownFileType = file.storyboard; name = Base; path = Base.lproj/Main.storyboard; sourceTree = "<group>"; };
		52DAD18B1A961A1900E70D99 /* Images.xcassets */ = {isa = PBXFileReference; lastKnownFileType = folder.assetcatalog; path = Images.xcassets; sourceTree = "<group>"; };
		52DAD18E1A961A1900E70D99 /* Base */ = {isa = PBXFileReference; lastKnownFileType = file.xib; name = Base; path = Base.lproj/LaunchScreen.xib; sourceTree = "<group>"; };
		52DAD1941A961A1900E70D99 /* LookingGoodTests.xctest */ = {isa = PBXFileReference; explicitFileType = wrapper.cfbundle; includeInIndex = 0; path = LookingGoodTests.xctest; sourceTree = BUILT_PRODUCTS_DIR; };
		52DAD1991A961A1900E70D99 /* Info.plist */ = {isa = PBXFileReference; lastKnownFileType = text.plist.xml; path = Info.plist; sourceTree = "<group>"; };
		52DAD19A1A961A1900E70D99 /* LookingGoodTests.swift */ = {isa = PBXFileReference; lastKnownFileType = sourcecode.swift; path = LookingGoodTests.swift; sourceTree = "<group>"; };
/* End PBXFileReference section */

/* Begin PBXFrameworksBuildPhase section */
		52DAD1781A961A1900E70D99 /* Frameworks */ = {
			isa = PBXFrameworksBuildPhase;
			buildActionMask = 2147483647;
			files = (
			);
			runOnlyForDeploymentPostprocessing = 0;
		};
		52DAD1911A961A1900E70D99 /* Frameworks */ = {
			isa = PBXFrameworksBuildPhase;
			buildActionMask = 2147483647;
			files = (
			);
			runOnlyForDeploymentPostprocessing = 0;
		};
/* End PBXFrameworksBuildPhase section */

/* Begin PBXGroup section */
		52DAD1721A961A1900E70D99 = {
			isa = PBXGroup;
			children = (
				52DAD17D1A961A1900E70D99 /* LookingGood */,
				52DAD1971A961A1900E70D99 /* LookingGoodTests */,
				52DAD17C1A961A1900E70D99 /* Products */,
			);
			sourceTree = "<group>";
		};
		52DAD17C1A961A1900E70D99 /* Products */ = {
			isa = PBXGroup;
			children = (
				52DAD17B1A961A1900E70D99 /* LookingGood.app */,
				52DAD1941A961A1900E70D99 /* LookingGoodTests.xctest */,
			);
			name = Products;
			sourceTree = "<group>";
		};
		52DAD17D1A961A1900E70D99 /* LookingGood */ = {
			isa = PBXGroup;
			children = (
				52DAD1801A961A1900E70D99 /* AppDelegate.swift */,
				52DAD1821A961A1900E70D99 /* RootViewController.swift */,
				52DAD1841A961A1900E70D99 /* DataViewController.swift */,
				52DAD1861A961A1900E70D99 /* ModelController.swift */,
				52DAD1881A961A1900E70D99 /* Main.storyboard */,
				52DAD18B1A961A1900E70D99 /* Images.xcassets */,
				52DAD18D1A961A1900E70D99 /* LaunchScreen.xib */,
				52DAD17E1A961A1900E70D99 /* Supporting Files */,
			);
			path = LookingGood;
			sourceTree = "<group>";
		};
		52DAD17E1A961A1900E70D99 /* Supporting Files */ = {
			isa = PBXGroup;
			children = (
				52DAD17F1A961A1900E70D99 /* Info.plist */,
			);
			name = "Supporting Files";
			sourceTree = "<group>";
		};
		52DAD1971A961A1900E70D99 /* LookingGoodTests */ = {
			isa = PBXGroup;
			children = (
				52DAD19A1A961A1900E70D99 /* LookingGoodTests.swift */,
				52DAD1981A961A1900E70D99 /* Supporting Files */,
			);
			path = LookingGoodTests;
			sourceTree = "<group>";
		};
		52DAD1981A961A1900E70D99 /* Supporting Files */ = {
			isa = PBXGroup;
			children = (
				52DAD1991A961A1900E70D99 /* Info.plist */,
			);
			name = "Supporting Files";
			sourceTree = "<group>";
		};
/* End PBXGroup section */

/* Begin PBXNativeTarget section */
		52DAD17A1A961A1900E70D99 /* LookingGood */ = {
			isa = PBXNativeTarget;
			buildConfigurationList = 52DAD19E1A961A1900E70D99 /* Build configuration list for PBXNativeTarget "LookingGood" */;
			buildPhases = (
				52DAD1771A961A1900E70D99 /* Sources */,
				52DAD1781A961A1900E70D99 /* Frameworks */,
				52DAD1791A961A1900E70D99 /* Resources */,
			);
			buildRules = (
			);
			dependencies = (
			);
			name = LookingGood;
			productName = LookingGood;
			productReference = 52DAD17B1A961A1900E70D99 /* LookingGood.app */;
			productType = "com.apple.product-type.application";
		};
		52DAD1931A961A1900E70D99 /* LookingGoodTests */ = {
			isa = PBXNativeTarget;
			buildConfigurationList = 52DAD1A11A961A1900E70D99 /* Build configuration list for PBXNativeTarget "LookingGoodTests" */;
			buildPhases = (
				52DAD1901A961A1900E70D99 /* Sources */,
				52DAD1911A961A1900E70D99 /* Frameworks */,
				52DAD1921A961A1900E70D99 /* Resources */,
			);
			buildRules = (
			);
			dependencies = (
				52DAD1961A961A1900E70D99 /* PBXTargetDependency */,
			);
			name = LookingGoodTests;
			productName = LookingGoodTests;
			productReference = 52DAD1941A961A1900E70D99 /* LookingGoodTests.xctest */;
			productType = "com.apple.product-type.bundle.unit-test";
		};
/* End PBXNativeTarget section */

/* Begin PBXProject section */
		52DAD1731A961A1900E70D99 /* Project object */ = {
			isa = PBXProject;
			attributes = {
				LastUpgradeCheck = 0610;
				ORGANIZATIONNAME = "arne deprez";
				TargetAttributes = {
					52DAD17A1A961A1900E70D99 = {
						CreatedOnToolsVersion = 6.1.1;
					};
					52DAD1931A961A1900E70D99 = {
						CreatedOnToolsVersion = 6.1.1;
						TestTargetID = 52DAD17A1A961A1900E70D99;
					};
				};
			};
			buildConfigurationList = 52DAD1761A961A1900E70D99 /* Build configuration list for PBXProject "LookingGood" */;
			compatibilityVersion = "Xcode 3.2";
			developmentRegion = English;
			hasScannedForEncodings = 0;
			knownRegions = (
				en,
				Base,
			);
			mainGroup = 52DAD1721A961A1900E70D99;
			productRefGroup = 52DAD17C1A961A1900E70D99 /* Products */;
			projectDirPath = "";
			projectRoot = "";
			targets = (
				52DAD17A1A961A1900E70D99 /* LookingGood */,
				52DAD1931A961A1900E70D99 /* LookingGoodTests */,
			);
		};
/* End PBXProject section */

/* Begin PBXResourcesBuildPhase section */
		52DAD1791A961A1900E70D99 /* Resources */ = {
			isa = PBXResourcesBuildPhase;
			buildActionMask = 2147483647;
			files = (
				52DAD18A1A961A1900E70D99 /* Main.storyboard in Resources */,
				52DAD18F1A961A1900E70D99 /* LaunchScreen.xib in Resources */,
				52DAD18C1A961A1900E70D99 /* Images.xcassets in Resources */,
			);
			runOnlyForDeploymentPostprocessing = 0;
		};
		52DAD1921A961A1900E70D99 /* Resources */ = {
			isa = PBXResourcesBuildPhase;
			buildActionMask = 2147483647;
			files = (
			);
			runOnlyForDeploymentPostprocessing = 0;
		};
/* End PBXResourcesBuildPhase section */

/* Begin PBXSourcesBuildPhase section */
		52DAD1771A961A1900E70D99 /* Sources */ = {
			isa = PBXSourcesBuildPhase;
			buildActionMask = 2147483647;
			files = (
				52DAD1831A961A1900E70D99 /* RootViewController.swift in Sources */,
				52DAD1871A961A1900E70D99 /* ModelController.swift in Sources */,
				52DAD1851A961A1900E70D99 /* DataViewController.swift in Sources */,
				52DAD1811A961A1900E70D99 /* AppDelegate.swift in Sources */,
			);
			runOnlyForDeploymentPostprocessing = 0;
		};
		52DAD1901A961A1900E70D99 /* Sources */ = {
			isa = PBXSourcesBuildPhase;
			buildActionMask = 2147483647;
			files = (
				52DAD19B1A961A1900E70D99 /* LookingGoodTests.swift in Sources */,
			);
			runOnlyForDeploymentPostprocessing = 0;
		};
/* End PBXSourcesBuildPhase section */

/* Begin PBXTargetDependency section */
		52DAD1961A961A1900E70D99 /* PBXTargetDependency */ = {
			isa = PBXTargetDependency;
			target = 52DAD17A1A961A1900E70D99 /* LookingGood */;
			targetProxy = 52DAD1951A961A1900E70D99 /* PBXContainerItemProxy */;
		};
/* End PBXTargetDependency section */

/* Begin PBXVariantGroup section */
		52DAD1881A961A1900E70D99 /* Main.storyboard */ = {
			isa = PBXVariantGroup;
			children = (
				52DAD1891A961A1900E70D99 /* Base */,
			);
			name = Main.storyboard;
			sourceTree = "<group>";
		};
		52DAD18D1A961A1900E70D99 /* LaunchScreen.xib */ = {
			isa = PBXVariantGroup;
			children = (
				52DAD18E1A961A1900E70D99 /* Base */,
			);
			name = LaunchScreen.xib;
			sourceTree = "<group>";
		};
/* End PBXVariantGroup section */

/* Begin XCBuildConfiguration section */
		52DAD19C1A961A1900E70D99 /* Debug */ = {
			isa = XCBuildConfiguration;
			buildSettings = {
				ALWAYS_SEARCH_USER_PATHS = NO;
				CLANG_CXX_LANGUAGE_STANDARD = "gnu++0x";
				CLANG_CXX_LIBRARY = "libc++";
				CLANG_ENABLE_MODULES = YES;
				CLANG_ENABLE_OBJC_ARC = YES;
				CLANG_WARN_BOOL_CONVERSION = YES;
				CLANG_WARN_CONSTANT_CONVERSION = YES;
				CLANG_WARN_DIRECT_OBJC_ISA_USAGE = YES_ERROR;
				CLANG_WARN_EMPTY_BODY = YES;
				CLANG_WARN_ENUM_CONVERSION = YES;
				CLANG_WARN_INT_CONVERSION = YES;
				CLANG_WARN_OBJC_ROOT_CLASS = YES_ERROR;
				CLANG_WARN_UNREACHABLE_CODE = YES;
				CLANG_WARN__DUPLICATE_METHOD_MATCH = YES;
				"CODE_SIGN_IDENTITY[sdk=iphoneos*]" = "iPhone Developer";
				COPY_PHASE_STRIP = NO;
				ENABLE_STRICT_OBJC_MSGSEND = YES;
				GCC_C_LANGUAGE_STANDARD = gnu99;
				GCC_DYNAMIC_NO_PIC = NO;
				GCC_OPTIMIZATION_LEVEL = 0;
				GCC_PREPROCESSOR_DEFINITIONS = (
					"DEBUG=1",
					"$(inherited)",
				);
				GCC_SYMBOLS_PRIVATE_EXTERN = NO;
				GCC_WARN_64_TO_32_BIT_CONVERSION = YES;
				GCC_WARN_ABOUT_RETURN_TYPE = YES_ERROR;
				GCC_WARN_UNDECLARED_SELECTOR = YES;
				GCC_WARN_UNINITIALIZED_AUTOS = YES_AGGRESSIVE;
				GCC_WARN_UNUSED_FUNCTION = YES;
				GCC_WARN_UNUSED_VARIABLE = YES;
				IPHONEOS_DEPLOYMENT_TARGET = 8.1;
				MTL_ENABLE_DEBUG_INFO = YES;
				ONLY_ACTIVE_ARCH = YES;
				SDKROOT = iphoneos;
				SWIFT_OPTIMIZATION_LEVEL = "-Onone";
			};
			name = Debug;
		};
		52DAD19D1A961A1900E70D99 /* Release */ = {
			isa = XCBuildConfiguration;
			buildSettings = {
				ALWAYS_SEARCH_USER_PATHS = NO;
				CLANG_CXX_LANGUAGE_STANDARD = "gnu++0x";
				CLANG_CXX_LIBRARY = "libc++";
				CLANG_ENABLE_MODULES = YES;
				CLANG_ENABLE_OBJC_ARC = YES;
				CLANG_WARN_BOOL_CONVERSION = YES;
				CLANG_WARN_CONSTANT_CONVERSION = YES;
				CLANG_WARN_DIRECT_OBJC_ISA_USAGE = YES_ERROR;
				CLANG_WARN_EMPTY_BODY = YES;
				CLANG_WARN_ENUM_CONVERSION = YES;
				CLANG_WARN_INT_CONVERSION = YES;
				CLANG_WARN_OBJC_ROOT_CLASS = YES_ERROR;
				CLANG_WARN_UNREACHABLE_CODE = YES;
				CLANG_WARN__DUPLICATE_METHOD_MATCH = YES;
				"CODE_SIGN_IDENTITY[sdk=iphoneos*]" = "iPhone Developer";
				COPY_PHASE_STRIP = YES;
				ENABLE_NS_ASSERTIONS = NO;
				ENABLE_STRICT_OBJC_MSGSEND = YES;
				GCC_C_LANGUAGE_STANDARD = gnu99;
				GCC_WARN_64_TO_32_BIT_CONVERSION = YES;
				GCC_WARN_ABOUT_RETURN_TYPE = YES_ERROR;
				GCC_WARN_UNDECLARED_SELECTOR = YES;
				GCC_WARN_UNINITIALIZED_AUTOS = YES_AGGRESSIVE;
				GCC_WARN_UNUSED_FUNCTION = YES;
				GCC_WARN_UNUSED_VARIABLE = YES;
				IPHONEOS_DEPLOYMENT_TARGET = 8.1;
				MTL_ENABLE_DEBUG_INFO = NO;
				SDKROOT = iphoneos;
				VALIDATE_PRODUCT = YES;
			};
			name = Release;
		};
		52DAD19F1A961A1900E70D99 /* Debug */ = {
			isa = XCBuildConfiguration;
			buildSettings = {
				ASSETCATALOG_COMPILER_APPICON_NAME = AppIcon;
				INFOPLIST_FILE = LookingGood/Info.plist;
				LD_RUNPATH_SEARCH_PATHS = "$(inherited) @executable_path/Frameworks";
				PRODUCT_NAME = "$(TARGET_NAME)";
			};
			name = Debug;
		};
		52DAD1A01A961A1900E70D99 /* Release */ = {
			isa = XCBuildConfiguration;
			buildSettings = {
				ASSETCATALOG_COMPILER_APPICON_NAME = AppIcon;
				INFOPLIST_FILE = LookingGood/Info.plist;
				LD_RUNPATH_SEARCH_PATHS = "$(inherited) @executable_path/Frameworks";
				PRODUCT_NAME = "$(TARGET_NAME)";
			};
			name = Release;
		};
		52DAD1A21A961A1900E70D99 /* Debug */ = {
			isa = XCBuildConfiguration;
			buildSettings = {
				BUNDLE_LOADER = "$(TEST_HOST)";
				FRAMEWORK_SEARCH_PATHS = (
					"$(SDKROOT)/Developer/Library/Frameworks",
					"$(inherited)",
				);
				GCC_PREPROCESSOR_DEFINITIONS = (
					"DEBUG=1",
					"$(inherited)",
				);
				INFOPLIST_FILE = LookingGoodTests/Info.plist;
				LD_RUNPATH_SEARCH_PATHS = "$(inherited) @executable_path/Frameworks @loader_path/Frameworks";
				PRODUCT_NAME = "$(TARGET_NAME)";
				TEST_HOST = "$(BUILT_PRODUCTS_DIR)/LookingGood.app/LookingGood";
			};
			name = Debug;
		};
		52DAD1A31A961A1900E70D99 /* Release */ = {
			isa = XCBuildConfiguration;
			buildSettings = {
				BUNDLE_LOADER = "$(TEST_HOST)";
				FRAMEWORK_SEARCH_PATHS = (
					"$(SDKROOT)/Developer/Library/Frameworks",
					"$(inherited)",
				);
				INFOPLIST_FILE = LookingGoodTests/Info.plist;
				LD_RUNPATH_SEARCH_PATHS = "$(inherited) @executable_path/Frameworks @loader_path/Frameworks";
				PRODUCT_NAME = "$(TARGET_NAME)";
				TEST_HOST = "$(BUILT_PRODUCTS_DIR)/LookingGood.app/LookingGood";
			};
			name = Release;
		};
/* End XCBuildConfiguration section */

/* Begin XCConfigurationList section */
		52DAD1761A961A1900E70D99 /* Build configuration list for PBXProject "LookingGood" */ = {
			isa = XCConfigurationList;
			buildConfigurations = (
				52DAD19C1A961A1900E70D99 /* Debug */,
				52DAD19D1A961A1900E70D99 /* Release */,
			);
			defaultConfigurationIsVisible = 0;
			defaultConfigurationName = Release;
		};
		52DAD19E1A961A1900E70D99 /* Build configuration list for PBXNativeTarget "LookingGood" */ = {
			isa = XCConfigurationList;
			buildConfigurations = (
				52DAD19F1A961A1900E70D99 /* Debug */,
				52DAD1A01A961A1900E70D99 /* Release */,
			);
			defaultConfigurationIsVisible = 0;
		};
		52DAD1A11A961A1900E70D99 /* Build configuration list for PBXNativeTarget "LookingGoodTests" */ = {
			isa = XCConfigurationList;
			buildConfigurations = (
				52DAD1A21A961A1900E70D99 /* Debug */,
				52DAD1A31A961A1900E70D99 /* Release */,
			);
			defaultConfigurationIsVisible = 0;
		};
/* End XCConfigurationList section */
	};
	rootObject = 52DAD1731A961A1900E70D99 /* Project object */;
}
